
Microsoft Visual Studio Solution File, Format Version 12.00
# Visual Studio Version 17
VisualStudioVersion = 17.4.33205.214
MinimumVisualStudioVersion = 10.0.40219.1
Project("{9A19103F-16F7-4668-BE54-9A1E7A4F7556}") = "ConnectionToGoogleTranslate", "PandaForReal\ConnectionToGoogleTranslate.csproj", "{583D6ADD-2EBA-4DF8-9123-742F45633A34}"
EndProject
Global
	GlobalSection(SolutionConfigurationPlatforms) = preSolution
		Debug|Any CPU = Debug|Any CPU
		Release|Any CPU = Release|Any CPU
	EndGlobalSection
	GlobalSection(ProjectConfigurationPlatforms) = postSolution
		{583D6ADD-2EBA-4DF8-9123-742F45633A34}.Debug|Any CPU.ActiveCfg = Debug|Any CPU
		{583D6ADD-2EBA-4DF8-9123-742F45633A34}.Debug|Any CPU.Build.0 = Debug|Any CPU
		{583D6ADD-2EBA-4DF8-9123-742F45633A34}.Release|Any CPU.ActiveCfg = Release|Any CPU
		{583D6ADD-2EBA-4DF8-9123-742F45633A34}.Release|Any CPU.Build.0 = Release|Any CPU
	EndGlobalSection
	GlobalSection(SolutionProperties) = preSolution
		HideSolutionNode = FALSE
	EndGlobalSection
	GlobalSection(ExtensibilityGlobals) = postSolution
		SolutionGuid = {9D83121D-CA0B-49AD-BD11-A0BE5022A8B8}
	EndGlobalSection
EndGlobal
